// !$*UTF8*$!
{
	archiveVersion = 1;
	classes = {
	};
	objectVersion = 48;
	objects = {

/* Begin PBXBuildFile section */
		08F45A228EA8E5D9841BB6E0 /* Pods_SurveyListTests.framework in Frameworks */ = {isa = PBXBuildFile; fileRef = 14C95717C1204D2E35429A7A /* Pods_SurveyListTests.framework */; };
		3380A90DD0D0B45312090707 /* Pods_SurveyListUITests.framework in Frameworks */ = {isa = PBXBuildFile; fileRef = 8D3DABE462F41F83B3B21B0B /* Pods_SurveyListUITests.framework */; };
		4E0E91961FEEAE6F004B1C9E /* AppDelegate.swift in Sources */ = {isa = PBXBuildFile; fileRef = 4E0E91951FEEAE6F004B1C9E /* AppDelegate.swift */; };
		4E0E91981FEEAE6F004B1C9E /* ViewController.swift in Sources */ = {isa = PBXBuildFile; fileRef = 4E0E91971FEEAE6F004B1C9E /* ViewController.swift */; };
		4E0E919B1FEEAE6F004B1C9E /* Main.storyboard in Resources */ = {isa = PBXBuildFile; fileRef = 4E0E91991FEEAE6F004B1C9E /* Main.storyboard */; };
		4E0E919D1FEEAE6F004B1C9E /* Assets.xcassets in Resources */ = {isa = PBXBuildFile; fileRef = 4E0E919C1FEEAE6F004B1C9E /* Assets.xcassets */; };
		4E0E91A01FEEAE6F004B1C9E /* LaunchScreen.storyboard in Resources */ = {isa = PBXBuildFile; fileRef = 4E0E919E1FEEAE6F004B1C9E /* LaunchScreen.storyboard */; };
		4E0E91AB1FEEAE6F004B1C9E /* SurveyListTests.swift in Sources */ = {isa = PBXBuildFile; fileRef = 4E0E91AA1FEEAE6F004B1C9E /* SurveyListTests.swift */; };
		4E0E91B61FEEAE6F004B1C9E /* SurveyListUITests.swift in Sources */ = {isa = PBXBuildFile; fileRef = 4E0E91B51FEEAE6F004B1C9E /* SurveyListUITests.swift */; };
		A59195E2532FD410E9AF5767 /* Pods_SurveyList.framework in Frameworks */ = {isa = PBXBuildFile; fileRef = CD1BF1D140369CA65AD171C0 /* Pods_SurveyList.framework */; };
/* End PBXBuildFile section */

/* Begin PBXContainerItemProxy section */
		4E0E91A71FEEAE6F004B1C9E /* PBXContainerItemProxy */ = {
			isa = PBXContainerItemProxy;
			containerPortal = 4E0E918A1FEEAE6F004B1C9E /* Project object */;
			proxyType = 1;
			remoteGlobalIDString = 4E0E91911FEEAE6F004B1C9E;
			remoteInfo = SurveyList;
		};
		4E0E91B21FEEAE6F004B1C9E /* PBXContainerItemProxy */ = {
			isa = PBXContainerItemProxy;
			containerPortal = 4E0E918A1FEEAE6F004B1C9E /* Project object */;
			proxyType = 1;
			remoteGlobalIDString = 4E0E91911FEEAE6F004B1C9E;
			remoteInfo = SurveyList;
		};
/* End PBXContainerItemProxy section */

/* Begin PBXFileReference section */
		1456981802D7DF24C1DF2E23 /* Pods-SurveyList.release.xcconfig */ = {isa = PBXFileReference; includeInIndex = 1; lastKnownFileType = text.xcconfig; name = "Pods-SurveyList.release.xcconfig"; path = "Pods/Target Support Files/Pods-SurveyList/Pods-SurveyList.release.xcconfig"; sourceTree = "<group>"; };
		14C95717C1204D2E35429A7A /* Pods_SurveyListTests.framework */ = {isa = PBXFileReference; explicitFileType = wrapper.framework; includeInIndex = 0; path = Pods_SurveyListTests.framework; sourceTree = BUILT_PRODUCTS_DIR; };
		3C72ABF1025C82CDEDEC34AE /* Pods-SurveyListTests.release.xcconfig */ = {isa = PBXFileReference; includeInIndex = 1; lastKnownFileType = text.xcconfig; name = "Pods-SurveyListTests.release.xcconfig"; path = "Pods/Target Support Files/Pods-SurveyListTests/Pods-SurveyListTests.release.xcconfig"; sourceTree = "<group>"; };
		4AA59B65208FCF0FE3FD2DD1 /* Pods-SurveyListUITests.release.xcconfig */ = {isa = PBXFileReference; includeInIndex = 1; lastKnownFileType = text.xcconfig; name = "Pods-SurveyListUITests.release.xcconfig"; path = "Pods/Target Support Files/Pods-SurveyListUITests/Pods-SurveyListUITests.release.xcconfig"; sourceTree = "<group>"; };
		4E0E91921FEEAE6F004B1C9E /* SurveyList.app */ = {isa = PBXFileReference; explicitFileType = wrapper.application; includeInIndex = 0; path = SurveyList.app; sourceTree = BUILT_PRODUCTS_DIR; };
		4E0E91951FEEAE6F004B1C9E /* AppDelegate.swift */ = {isa = PBXFileReference; lastKnownFileType = sourcecode.swift; path = AppDelegate.swift; sourceTree = "<group>"; };
		4E0E91971FEEAE6F004B1C9E /* ViewController.swift */ = {isa = PBXFileReference; lastKnownFileType = sourcecode.swift; path = ViewController.swift; sourceTree = "<group>"; };
		4E0E919A1FEEAE6F004B1C9E /* Base */ = {isa = PBXFileReference; lastKnownFileType = file.storyboard; name = Base; path = Base.lproj/Main.storyboard; sourceTree = "<group>"; };
		4E0E919C1FEEAE6F004B1C9E /* Assets.xcassets */ = {isa = PBXFileReference; lastKnownFileType = folder.assetcatalog; path = Assets.xcassets; sourceTree = "<group>"; };
		4E0E919F1FEEAE6F004B1C9E /* Base */ = {isa = PBXFileReference; lastKnownFileType = file.storyboard; name = Base; path = Base.lproj/LaunchScreen.storyboard; sourceTree = "<group>"; };
		4E0E91A11FEEAE6F004B1C9E /* Info.plist */ = {isa = PBXFileReference; lastKnownFileType = text.plist.xml; path = Info.plist; sourceTree = "<group>"; };
		4E0E91A61FEEAE6F004B1C9E /* SurveyListTests.xctest */ = {isa = PBXFileReference; explicitFileType = wrapper.cfbundle; includeInIndex = 0; path = SurveyListTests.xctest; sourceTree = BUILT_PRODUCTS_DIR; };
		4E0E91AA1FEEAE6F004B1C9E /* SurveyListTests.swift */ = {isa = PBXFileReference; lastKnownFileType = sourcecode.swift; path = SurveyListTests.swift; sourceTree = "<group>"; };
		4E0E91AC1FEEAE6F004B1C9E /* Info.plist */ = {isa = PBXFileReference; lastKnownFileType = text.plist.xml; path = Info.plist; sourceTree = "<group>"; };
		4E0E91B11FEEAE6F004B1C9E /* SurveyListUITests.xctest */ = {isa = PBXFileReference; explicitFileType = wrapper.cfbundle; includeInIndex = 0; path = SurveyListUITests.xctest; sourceTree = BUILT_PRODUCTS_DIR; };
		4E0E91B51FEEAE6F004B1C9E /* SurveyListUITests.swift */ = {isa = PBXFileReference; lastKnownFileType = sourcecode.swift; path = SurveyListUITests.swift; sourceTree = "<group>"; };
		4E0E91B71FEEAE6F004B1C9E /* Info.plist */ = {isa = PBXFileReference; lastKnownFileType = text.plist.xml; path = Info.plist; sourceTree = "<group>"; };
		5C15BE8BB5DB056DFBC60AE5 /* Pods-SurveyListTests.debug.xcconfig */ = {isa = PBXFileReference; includeInIndex = 1; lastKnownFileType = text.xcconfig; name = "Pods-SurveyListTests.debug.xcconfig"; path = "Pods/Target Support Files/Pods-SurveyListTests/Pods-SurveyListTests.debug.xcconfig"; sourceTree = "<group>"; };
		8D3DABE462F41F83B3B21B0B /* Pods_SurveyListUITests.framework */ = {isa = PBXFileReference; explicitFileType = wrapper.framework; includeInIndex = 0; path = Pods_SurveyListUITests.framework; sourceTree = BUILT_PRODUCTS_DIR; };
		A75B7AA6077EEF121883F712 /* Pods-SurveyListUITests.debug.xcconfig */ = {isa = PBXFileReference; includeInIndex = 1; lastKnownFileType = text.xcconfig; name = "Pods-SurveyListUITests.debug.xcconfig"; path = "Pods/Target Support Files/Pods-SurveyListUITests/Pods-SurveyListUITests.debug.xcconfig"; sourceTree = "<group>"; };
		A7D71384DA3F93D9675D3F3A /* Pods-SurveyList.debug.xcconfig */ = {isa = PBXFileReference; includeInIndex = 1; lastKnownFileType = text.xcconfig; name = "Pods-SurveyList.debug.xcconfig"; path = "Pods/Target Support Files/Pods-SurveyList/Pods-SurveyList.debug.xcconfig"; sourceTree = "<group>"; };
		CD1BF1D140369CA65AD171C0 /* Pods_SurveyList.framework */ = {isa = PBXFileReference; explicitFileType = wrapper.framework; includeInIndex = 0; path = Pods_SurveyList.framework; sourceTree = BUILT_PRODUCTS_DIR; };
/* End PBXFileReference section */

/* Begin PBXFrameworksBuildPhase section */
		4E0E918F1FEEAE6F004B1C9E /* Frameworks */ = {
			isa = PBXFrameworksBuildPhase;
			buildActionMask = 2147483647;
			files = (
				A59195E2532FD410E9AF5767 /* Pods_SurveyList.framework in Frameworks */,
			);
			runOnlyForDeploymentPostprocessing = 0;
		};
		4E0E91A31FEEAE6F004B1C9E /* Frameworks */ = {
			isa = PBXFrameworksBuildPhase;
			buildActionMask = 2147483647;
			files = (
				08F45A228EA8E5D9841BB6E0 /* Pods_SurveyListTests.framework in Frameworks */,
			);
			runOnlyForDeploymentPostprocessing = 0;
		};
		4E0E91AE1FEEAE6F004B1C9E /* Frameworks */ = {
			isa = PBXFrameworksBuildPhase;
			buildActionMask = 2147483647;
			files = (
				3380A90DD0D0B45312090707 /* Pods_SurveyListUITests.framework in Frameworks */,
			);
			runOnlyForDeploymentPostprocessing = 0;
		};
/* End PBXFrameworksBuildPhase section */

/* Begin PBXGroup section */
		4E0E91891FEEAE6F004B1C9E = {
			isa = PBXGroup;
			children = (
				4E0E91941FEEAE6F004B1C9E /* SurveyList */,
				4E0E91A91FEEAE6F004B1C9E /* SurveyListTests */,
				4E0E91B41FEEAE6F004B1C9E /* SurveyListUITests */,
				4E0E91931FEEAE6F004B1C9E /* Products */,
				97977CA8840AAA529585C45F /* Pods */,
				F8D502C74698C9E14AC3BA87 /* Frameworks */,
			);
			sourceTree = "<group>";
		};
		4E0E91931FEEAE6F004B1C9E /* Products */ = {
			isa = PBXGroup;
			children = (
				4E0E91921FEEAE6F004B1C9E /* SurveyList.app */,
				4E0E91A61FEEAE6F004B1C9E /* SurveyListTests.xctest */,
				4E0E91B11FEEAE6F004B1C9E /* SurveyListUITests.xctest */,
			);
			name = Products;
			sourceTree = "<group>";
		};
		4E0E91941FEEAE6F004B1C9E /* SurveyList */ = {
			isa = PBXGroup;
			children = (
				4E0E91951FEEAE6F004B1C9E /* AppDelegate.swift */,
				4E0E91971FEEAE6F004B1C9E /* ViewController.swift */,
				4E0E91991FEEAE6F004B1C9E /* Main.storyboard */,
				4E0E919C1FEEAE6F004B1C9E /* Assets.xcassets */,
				4E0E919E1FEEAE6F004B1C9E /* LaunchScreen.storyboard */,
				4E0E91A11FEEAE6F004B1C9E /* Info.plist */,
			);
			path = SurveyList;
			sourceTree = "<group>";
		};
		4E0E91A91FEEAE6F004B1C9E /* SurveyListTests */ = {
			isa = PBXGroup;
			children = (
				4E0E91AA1FEEAE6F004B1C9E /* SurveyListTests.swift */,
				4E0E91AC1FEEAE6F004B1C9E /* Info.plist */,
			);
			path = SurveyListTests;
			sourceTree = "<group>";
		};
		4E0E91B41FEEAE6F004B1C9E /* SurveyListUITests */ = {
			isa = PBXGroup;
			children = (
				4E0E91B51FEEAE6F004B1C9E /* SurveyListUITests.swift */,
				4E0E91B71FEEAE6F004B1C9E /* Info.plist */,
			);
			path = SurveyListUITests;
			sourceTree = "<group>";
		};
		97977CA8840AAA529585C45F /* Pods */ = {
			isa = PBXGroup;
			children = (
				A7D71384DA3F93D9675D3F3A /* Pods-SurveyList.debug.xcconfig */,
				1456981802D7DF24C1DF2E23 /* Pods-SurveyList.release.xcconfig */,
				5C15BE8BB5DB056DFBC60AE5 /* Pods-SurveyListTests.debug.xcconfig */,
				3C72ABF1025C82CDEDEC34AE /* Pods-SurveyListTests.release.xcconfig */,
				A75B7AA6077EEF121883F712 /* Pods-SurveyListUITests.debug.xcconfig */,
				4AA59B65208FCF0FE3FD2DD1 /* Pods-SurveyListUITests.release.xcconfig */,
			);
			name = Pods;
			sourceTree = "<group>";
		};
		F8D502C74698C9E14AC3BA87 /* Frameworks */ = {
			isa = PBXGroup;
			children = (
				CD1BF1D140369CA65AD171C0 /* Pods_SurveyList.framework */,
				14C95717C1204D2E35429A7A /* Pods_SurveyListTests.framework */,
				8D3DABE462F41F83B3B21B0B /* Pods_SurveyListUITests.framework */,
			);
			name = Frameworks;
			sourceTree = "<group>";
		};
/* End PBXGroup section */

/* Begin PBXNativeTarget section */
		4E0E91911FEEAE6F004B1C9E /* SurveyList */ = {
			isa = PBXNativeTarget;
			buildConfigurationList = 4E0E91BA1FEEAE6F004B1C9E /* Build configuration list for PBXNativeTarget "SurveyList" */;
			buildPhases = (
				BE76716ED5A4D5788EF57FF9 /* [CP] Check Pods Manifest.lock */,
				4E0E918E1FEEAE6F004B1C9E /* Sources */,
				4E0E918F1FEEAE6F004B1C9E /* Frameworks */,
				4E0E91901FEEAE6F004B1C9E /* Resources */,
				203DA28A2B501150856BC609 /* [CP] Embed Pods Frameworks */,
				EA3D694E37FB982C71C99F32 /* [CP] Copy Pods Resources */,
			);
			buildRules = (
			);
			dependencies = (
			);
			name = SurveyList;
			productName = SurveyList;
			productReference = 4E0E91921FEEAE6F004B1C9E /* SurveyList.app */;
			productType = "com.apple.product-type.application";
		};
		4E0E91A51FEEAE6F004B1C9E /* SurveyListTests */ = {
			isa = PBXNativeTarget;
			buildConfigurationList = 4E0E91BD1FEEAE6F004B1C9E /* Build configuration list for PBXNativeTarget "SurveyListTests" */;
			buildPhases = (
				F70A14E9ABD14F107FBDB0B8 /* [CP] Check Pods Manifest.lock */,
				4E0E91A21FEEAE6F004B1C9E /* Sources */,
				4E0E91A31FEEAE6F004B1C9E /* Frameworks */,
				4E0E91A41FEEAE6F004B1C9E /* Resources */,
				D894D811DD96285F44BFBC7C /* [CP] Embed Pods Frameworks */,
				75B0744C56AC6F317C437B9D /* [CP] Copy Pods Resources */,
			);
			buildRules = (
			);
			dependencies = (
				4E0E91A81FEEAE6F004B1C9E /* PBXTargetDependency */,
			);
			name = SurveyListTests;
			productName = SurveyListTests;
			productReference = 4E0E91A61FEEAE6F004B1C9E /* SurveyListTests.xctest */;
			productType = "com.apple.product-type.bundle.unit-test";
		};
		4E0E91B01FEEAE6F004B1C9E /* SurveyListUITests */ = {
			isa = PBXNativeTarget;
			buildConfigurationList = 4E0E91C01FEEAE6F004B1C9E /* Build configuration list for PBXNativeTarget "SurveyListUITests" */;
			buildPhases = (
				0A934E4A637024E0CB541DDA /* [CP] Check Pods Manifest.lock */,
				4E0E91AD1FEEAE6F004B1C9E /* Sources */,
				4E0E91AE1FEEAE6F004B1C9E /* Frameworks */,
				4E0E91AF1FEEAE6F004B1C9E /* Resources */,
				862B287225294C47F836F268 /* [CP] Embed Pods Frameworks */,
				AF909E8A8F70F98DCE5CD903 /* [CP] Copy Pods Resources */,
			);
			buildRules = (
			);
			dependencies = (
				4E0E91B31FEEAE6F004B1C9E /* PBXTargetDependency */,
			);
			name = SurveyListUITests;
			productName = SurveyListUITests;
			productReference = 4E0E91B11FEEAE6F004B1C9E /* SurveyListUITests.xctest */;
			productType = "com.apple.product-type.bundle.ui-testing";
		};
/* End PBXNativeTarget section */

/* Begin PBXProject section */
		4E0E918A1FEEAE6F004B1C9E /* Project object */ = {
			isa = PBXProject;
			attributes = {
				LastSwiftUpdateCheck = 0920;
				LastUpgradeCheck = 0920;
				ORGANIZATIONNAME = "Ananth Bhamidipati";
				TargetAttributes = {
					4E0E91911FEEAE6F004B1C9E = {
						CreatedOnToolsVersion = 9.2;
						ProvisioningStyle = Automatic;
					};
					4E0E91A51FEEAE6F004B1C9E = {
						CreatedOnToolsVersion = 9.2;
						ProvisioningStyle = Automatic;
						TestTargetID = 4E0E91911FEEAE6F004B1C9E;
					};
					4E0E91B01FEEAE6F004B1C9E = {
						CreatedOnToolsVersion = 9.2;
						ProvisioningStyle = Automatic;
						TestTargetID = 4E0E91911FEEAE6F004B1C9E;
					};
				};
			};
			buildConfigurationList = 4E0E918D1FEEAE6F004B1C9E /* Build configuration list for PBXProject "SurveyList" */;
			compatibilityVersion = "Xcode 8.0";
			developmentRegion = en;
			hasScannedForEncodings = 0;
			knownRegions = (
				en,
				Base,
			);
			mainGroup = 4E0E91891FEEAE6F004B1C9E;
			productRefGroup = 4E0E91931FEEAE6F004B1C9E /* Products */;
			projectDirPath = "";
			projectRoot = "";
			targets = (
				4E0E91911FEEAE6F004B1C9E /* SurveyList */,
				4E0E91A51FEEAE6F004B1C9E /* SurveyListTests */,
				4E0E91B01FEEAE6F004B1C9E /* SurveyListUITests */,
			);
		};
/* End PBXProject section */

/* Begin PBXResourcesBuildPhase section */
		4E0E91901FEEAE6F004B1C9E /* Resources */ = {
			isa = PBXResourcesBuildPhase;
			buildActionMask = 2147483647;
			files = (
				4E0E91A01FEEAE6F004B1C9E /* LaunchScreen.storyboard in Resources */,
				4E0E919D1FEEAE6F004B1C9E /* Assets.xcassets in Resources */,
				4E0E919B1FEEAE6F004B1C9E /* Main.storyboard in Resources */,
			);
			runOnlyForDeploymentPostprocessing = 0;
		};
		4E0E91A41FEEAE6F004B1C9E /* Resources */ = {
			isa = PBXResourcesBuildPhase;
			buildActionMask = 2147483647;
			files = (
			);
			runOnlyForDeploymentPostprocessing = 0;
		};
		4E0E91AF1FEEAE6F004B1C9E /* Resources */ = {
			isa = PBXResourcesBuildPhase;
			buildActionMask = 2147483647;
			files = (
			);
			runOnlyForDeploymentPostprocessing = 0;
		};
/* End PBXResourcesBuildPhase section */

/* Begin PBXShellScriptBuildPhase section */
		0A934E4A637024E0CB541DDA /* [CP] Check Pods Manifest.lock */ = {
			isa = PBXShellScriptBuildPhase;
			buildActionMask = 2147483647;
			files = (
			);
			inputPaths = (
				"${PODS_PODFILE_DIR_PATH}/Podfile.lock",
				"${PODS_ROOT}/Manifest.lock",
			);
			name = "[CP] Check Pods Manifest.lock";
			outputPaths = (
				"$(DERIVED_FILE_DIR)/Pods-SurveyListUITests-checkManifestLockResult.txt",
			);
			runOnlyForDeploymentPostprocessing = 0;
			shellPath = /bin/sh;
			shellScript = "diff \"${PODS_PODFILE_DIR_PATH}/Podfile.lock\" \"${PODS_ROOT}/Manifest.lock\" > /dev/null\nif [ $? != 0 ] ; then\n    # print error to STDERR\n    echo \"error: The sandbox is not in sync with the Podfile.lock. Run 'pod install' or update your CocoaPods installation.\" >&2\n    exit 1\nfi\n# This output is used by Xcode 'outputs' to avoid re-running this script phase.\necho \"SUCCESS\" > \"${SCRIPT_OUTPUT_FILE_0}\"\n";
			showEnvVarsInLog = 0;
		};
		203DA28A2B501150856BC609 /* [CP] Embed Pods Frameworks */ = {
			isa = PBXShellScriptBuildPhase;
			buildActionMask = 2147483647;
			files = (
			);
			inputPaths = (
				"${SRCROOT}/Pods/Target Support Files/Pods-SurveyList/Pods-SurveyList-frameworks.sh",
				"${BUILT_PRODUCTS_DIR}/Alamofire/Alamofire.framework",
				"${BUILT_PRODUCTS_DIR}/AlamofireImage/AlamofireImage.framework",
				"${BUILT_PRODUCTS_DIR}/MBProgressHUD/MBProgressHUD.framework",
				"${BUILT_PRODUCTS_DIR}/Moya/Moya.framework",
				"${BUILT_PRODUCTS_DIR}/Result/Result.framework",
				"${BUILT_PRODUCTS_DIR}/RxCocoa/RxCocoa.framework",
				"${BUILT_PRODUCTS_DIR}/RxSwift/RxSwift.framework",
			);
			name = "[CP] Embed Pods Frameworks";
			outputPaths = (
				"${TARGET_BUILD_DIR}/${FRAMEWORKS_FOLDER_PATH}/Alamofire.framework",
				"${TARGET_BUILD_DIR}/${FRAMEWORKS_FOLDER_PATH}/AlamofireImage.framework",
				"${TARGET_BUILD_DIR}/${FRAMEWORKS_FOLDER_PATH}/MBProgressHUD.framework",
				"${TARGET_BUILD_DIR}/${FRAMEWORKS_FOLDER_PATH}/Moya.framework",
				"${TARGET_BUILD_DIR}/${FRAMEWORKS_FOLDER_PATH}/Result.framework",
				"${TARGET_BUILD_DIR}/${FRAMEWORKS_FOLDER_PATH}/RxCocoa.framework",
				"${TARGET_BUILD_DIR}/${FRAMEWORKS_FOLDER_PATH}/RxSwift.framework",
			);
			runOnlyForDeploymentPostprocessing = 0;
			shellPath = /bin/sh;
			shellScript = "\"${SRCROOT}/Pods/Target Support Files/Pods-SurveyList/Pods-SurveyList-frameworks.sh\"\n";
			showEnvVarsInLog = 0;
		};
		75B0744C56AC6F317C437B9D /* [CP] Copy Pods Resources */ = {
			isa = PBXShellScriptBuildPhase;
			buildActionMask = 2147483647;
			files = (
			);
			inputPaths = (
			);
			name = "[CP] Copy Pods Resources";
			outputPaths = (
			);
			runOnlyForDeploymentPostprocessing = 0;
			shellPath = /bin/sh;
			shellScript = "\"${SRCROOT}/Pods/Target Support Files/Pods-SurveyListTests/Pods-SurveyListTests-resources.sh\"\n";
			showEnvVarsInLog = 0;
		};
		862B287225294C47F836F268 /* [CP] Embed Pods Frameworks */ = {
			isa = PBXShellScriptBuildPhase;
			buildActionMask = 2147483647;
			files = (
			);
			inputPaths = (
			);
			name = "[CP] Embed Pods Frameworks";
			outputPaths = (
			);
			runOnlyForDeploymentPostprocessing = 0;
			shellPath = /bin/sh;
			shellScript = "\"${SRCROOT}/Pods/Target Support Files/Pods-SurveyListUITests/Pods-SurveyListUITests-frameworks.sh\"\n";
			showEnvVarsInLog = 0;
		};
		AF909E8A8F70F98DCE5CD903 /* [CP] Copy Pods Resources */ = {
			isa = PBXShellScriptBuildPhase;
			buildActionMask = 2147483647;
			files = (
			);
			inputPaths = (
			);
			name = "[CP] Copy Pods Resources";
			outputPaths = (
			);
			runOnlyForDeploymentPostprocessing = 0;
			shellPath = /bin/sh;
			shellScript = "\"${SRCROOT}/Pods/Target Support Files/Pods-SurveyListUITests/Pods-SurveyListUITests-resources.sh\"\n";
			showEnvVarsInLog = 0;
		};
		BE76716ED5A4D5788EF57FF9 /* [CP] Check Pods Manifest.lock */ = {
			isa = PBXShellScriptBuildPhase;
			buildActionMask = 2147483647;
			files = (
			);
			inputPaths = (
				"${PODS_PODFILE_DIR_PATH}/Podfile.lock",
				"${PODS_ROOT}/Manifest.lock",
			);
			name = "[CP] Check Pods Manifest.lock";
			outputPaths = (
				"$(DERIVED_FILE_DIR)/Pods-SurveyList-checkManifestLockResult.txt",
			);
			runOnlyForDeploymentPostprocessing = 0;
			shellPath = /bin/sh;
			shellScript = "diff \"${PODS_PODFILE_DIR_PATH}/Podfile.lock\" \"${PODS_ROOT}/Manifest.lock\" > /dev/null\nif [ $? != 0 ] ; then\n    # print error to STDERR\n    echo \"error: The sandbox is not in sync with the Podfile.lock. Run 'pod install' or update your CocoaPods installation.\" >&2\n    exit 1\nfi\n# This output is used by Xcode 'outputs' to avoid re-running this script phase.\necho \"SUCCESS\" > \"${SCRIPT_OUTPUT_FILE_0}\"\n";
			showEnvVarsInLog = 0;
		};
		D894D811DD96285F44BFBC7C /* [CP] Embed Pods Frameworks */ = {
			isa = PBXShellScriptBuildPhase;
			buildActionMask = 2147483647;
			files = (
			);
			inputPaths = (
			);
			name = "[CP] Embed Pods Frameworks";
			outputPaths = (
			);
			runOnlyForDeploymentPostprocessing = 0;
			shellPath = /bin/sh;
			shellScript = "\"${SRCROOT}/Pods/Target Support Files/Pods-SurveyListTests/Pods-SurveyListTests-frameworks.sh\"\n";
			showEnvVarsInLog = 0;
		};
		EA3D694E37FB982C71C99F32 /* [CP] Copy Pods Resources */ = {
			isa = PBXShellScriptBuildPhase;
			buildActionMask = 2147483647;
			files = (
			);
			inputPaths = (
			);
			name = "[CP] Copy Pods Resources";
			outputPaths = (
			);
			runOnlyForDeploymentPostprocessing = 0;
			shellPath = /bin/sh;
			shellScript = "\"${SRCROOT}/Pods/Target Support Files/Pods-SurveyList/Pods-SurveyList-resources.sh\"\n";
			showEnvVarsInLog = 0;
		};
		F70A14E9ABD14F107FBDB0B8 /* [CP] Check Pods Manifest.lock */ = {
			isa = PBXShellScriptBuildPhase;
			buildActionMask = 2147483647;
			files = (
			);
			inputPaths = (
				"${PODS_PODFILE_DIR_PATH}/Podfile.lock",
				"${PODS_ROOT}/Manifest.lock",
			);
			name = "[CP] Check Pods Manifest.lock";
			outputPaths = (
				"$(DERIVED_FILE_DIR)/Pods-SurveyListTests-checkManifestLockResult.txt",
			);
			runOnlyForDeploymentPostprocessing = 0;
			shellPath = /bin/sh;
			shellScript = "diff \"${PODS_PODFILE_DIR_PATH}/Podfile.lock\" \"${PODS_ROOT}/Manifest.lock\" > /dev/null\nif [ $? != 0 ] ; then\n    # print error to STDERR\n    echo \"error: The sandbox is not in sync with the Podfile.lock. Run 'pod install' or update your CocoaPods installation.\" >&2\n    exit 1\nfi\n# This output is used by Xcode 'outputs' to avoid re-running this script phase.\necho \"SUCCESS\" > \"${SCRIPT_OUTPUT_FILE_0}\"\n";
			showEnvVarsInLog = 0;
		};
/* End PBXShellScriptBuildPhase section */

/* Begin PBXSourcesBuildPhase section */
		4E0E918E1FEEAE6F004B1C9E /* Sources */ = {
			isa = PBXSourcesBuildPhase;
			buildActionMask = 2147483647;
			files = (
				4E0E91981FEEAE6F004B1C9E /* ViewController.swift in Sources */,
				4E0E91961FEEAE6F004B1C9E /* AppDelegate.swift in Sources */,
			);
			runOnlyForDeploymentPostprocessing = 0;
		};
		4E0E91A21FEEAE6F004B1C9E /* Sources */ = {
			isa = PBXSourcesBuildPhase;
			buildActionMask = 2147483647;
			files = (
				4E0E91AB1FEEAE6F004B1C9E /* SurveyListTests.swift in Sources */,
			);
			runOnlyForDeploymentPostprocessing = 0;
		};
		4E0E91AD1FEEAE6F004B1C9E /* Sources */ = {
			isa = PBXSourcesBuildPhase;
			buildActionMask = 2147483647;
			files = (
				4E0E91B61FEEAE6F004B1C9E /* SurveyListUITests.swift in Sources */,
			);
			runOnlyForDeploymentPostprocessing = 0;
		};
/* End PBXSourcesBuildPhase section */

/* Begin PBXTargetDependency section */
		4E0E91A81FEEAE6F004B1C9E /* PBXTargetDependency */ = {
			isa = PBXTargetDependency;
			target = 4E0E91911FEEAE6F004B1C9E /* SurveyList */;
			targetProxy = 4E0E91A71FEEAE6F004B1C9E /* PBXContainerItemProxy */;
		};
		4E0E91B31FEEAE6F004B1C9E /* PBXTargetDependency */ = {
			isa = PBXTargetDependency;
			target = 4E0E91911FEEAE6F004B1C9E /* SurveyList */;
			targetProxy = 4E0E91B21FEEAE6F004B1C9E /* PBXContainerItemProxy */;
		};
/* End PBXTargetDependency section */

/* Begin PBXVariantGroup section */
		4E0E91991FEEAE6F004B1C9E /* Main.storyboard */ = {
			isa = PBXVariantGroup;
			children = (
				4E0E919A1FEEAE6F004B1C9E /* Base */,
			);
			name = Main.storyboard;
			sourceTree = "<group>";
		};
		4E0E919E1FEEAE6F004B1C9E /* LaunchScreen.storyboard */ = {
			isa = PBXVariantGroup;
			children = (
				4E0E919F1FEEAE6F004B1C9E /* Base */,
			);
			name = LaunchScreen.storyboard;
			sourceTree = "<group>";
		};
/* End PBXVariantGroup section */

/* Begin XCBuildConfiguration section */
		4E0E91B81FEEAE6F004B1C9E /* Debug */ = {
			isa = XCBuildConfiguration;
			buildSettings = {
				ALWAYS_SEARCH_USER_PATHS = NO;
				CLANG_ANALYZER_NONNULL = YES;
				CLANG_ANALYZER_NUMBER_OBJECT_CONVERSION = YES_AGGRESSIVE;
				CLANG_CXX_LANGUAGE_STANDARD = "gnu++14";
				CLANG_CXX_LIBRARY = "libc++";
				CLANG_ENABLE_MODULES = YES;
				CLANG_ENABLE_OBJC_ARC = YES;
				CLANG_WARN_BLOCK_CAPTURE_AUTORELEASING = YES;
				CLANG_WARN_BOOL_CONVERSION = YES;
				CLANG_WARN_COMMA = YES;
				CLANG_WARN_CONSTANT_CONVERSION = YES;
				CLANG_WARN_DIRECT_OBJC_ISA_USAGE = YES_ERROR;
				CLANG_WARN_DOCUMENTATION_COMMENTS = YES;
				CLANG_WARN_EMPTY_BODY = YES;
				CLANG_WARN_ENUM_CONVERSION = YES;
				CLANG_WARN_INFINITE_RECURSION = YES;
				CLANG_WARN_INT_CONVERSION = YES;
				CLANG_WARN_NON_LITERAL_NULL_CONVERSION = YES;
				CLANG_WARN_OBJC_LITERAL_CONVERSION = YES;
				CLANG_WARN_OBJC_ROOT_CLASS = YES_ERROR;
				CLANG_WARN_RANGE_LOOP_ANALYSIS = YES;
				CLANG_WARN_STRICT_PROTOTYPES = YES;
				CLANG_WARN_SUSPICIOUS_MOVE = YES;
				CLANG_WARN_UNGUARDED_AVAILABILITY = YES_AGGRESSIVE;
				CLANG_WARN_UNREACHABLE_CODE = YES;
				CLANG_WARN__DUPLICATE_METHOD_MATCH = YES;
				CODE_SIGN_IDENTITY = "iPhone Developer";
				COPY_PHASE_STRIP = NO;
				DEBUG_INFORMATION_FORMAT = dwarf;
				ENABLE_STRICT_OBJC_MSGSEND = YES;
				ENABLE_TESTABILITY = YES;
				GCC_C_LANGUAGE_STANDARD = gnu11;
				GCC_DYNAMIC_NO_PIC = NO;
				GCC_NO_COMMON_BLOCKS = YES;
				GCC_OPTIMIZATION_LEVEL = 0;
				GCC_PREPROCESSOR_DEFINITIONS = (
					"DEBUG=1",
					"$(inherited)",
				);
				GCC_WARN_64_TO_32_BIT_CONVERSION = YES;
				GCC_WARN_ABOUT_RETURN_TYPE = YES_ERROR;
				GCC_WARN_UNDECLARED_SELECTOR = YES;
				GCC_WARN_UNINITIALIZED_AUTOS = YES_AGGRESSIVE;
				GCC_WARN_UNUSED_FUNCTION = YES;
				GCC_WARN_UNUSED_VARIABLE = YES;
				IPHONEOS_DEPLOYMENT_TARGET = 11.2;
				MTL_ENABLE_DEBUG_INFO = YES;
				ONLY_ACTIVE_ARCH = YES;
				SDKROOT = iphoneos;
				SWIFT_ACTIVE_COMPILATION_CONDITIONS = DEBUG;
				SWIFT_OPTIMIZATION_LEVEL = "-Onone";
			};
			name = Debug;
		};
		4E0E91B91FEEAE6F004B1C9E /* Release */ = {
			isa = XCBuildConfiguration;
			buildSettings = {
				ALWAYS_SEARCH_USER_PATHS = NO;
				CLANG_ANALYZER_NONNULL = YES;
				CLANG_ANALYZER_NUMBER_OBJECT_CONVERSION = YES_AGGRESSIVE;
				CLANG_CXX_LANGUAGE_STANDARD = "gnu++14";
				CLANG_CXX_LIBRARY = "libc++";
				CLANG_ENABLE_MODULES = YES;
				CLANG_ENABLE_OBJC_ARC = YES;
				CLANG_WARN_BLOCK_CAPTURE_AUTORELEASING = YES;
				CLANG_WARN_BOOL_CONVERSION = YES;
				CLANG_WARN_COMMA = YES;
				CLANG_WARN_CONSTANT_CONVERSION = YES;
				CLANG_WARN_DIRECT_OBJC_ISA_USAGE = YES_ERROR;
				CLANG_WARN_DOCUMENTATION_COMMENTS = YES;
				CLANG_WARN_EMPTY_BODY = YES;
				CLANG_WARN_ENUM_CONVERSION = YES;
				CLANG_WARN_INFINITE_RECURSION = YES;
				CLANG_WARN_INT_CONVERSION = YES;
				CLANG_WARN_NON_LITERAL_NULL_CONVERSION = YES;
				CLANG_WARN_OBJC_LITERAL_CONVERSION = YES;
				CLANG_WARN_OBJC_ROOT_CLASS = YES_ERROR;
				CLANG_WARN_RANGE_LOOP_ANALYSIS = YES;
				CLANG_WARN_STRICT_PROTOTYPES = YES;
				CLANG_WARN_SUSPICIOUS_MOVE = YES;
				CLANG_WARN_UNGUARDED_AVAILABILITY = YES_AGGRESSIVE;
				CLANG_WARN_UNREACHABLE_CODE = YES;
				CLANG_WARN__DUPLICATE_METHOD_MATCH = YES;
				CODE_SIGN_IDENTITY = "iPhone Developer";
				COPY_PHASE_STRIP = NO;
				DEBUG_INFORMATION_FORMAT = "dwarf-with-dsym";
				ENABLE_NS_ASSERTIONS = NO;
				ENABLE_STRICT_OBJC_MSGSEND = YES;
				GCC_C_LANGUAGE_STANDARD = gnu11;
				GCC_NO_COMMON_BLOCKS = YES;
				GCC_WARN_64_TO_32_BIT_CONVERSION = YES;
				GCC_WARN_ABOUT_RETURN_TYPE = YES_ERROR;
				GCC_WARN_UNDECLARED_SELECTOR = YES;
				GCC_WARN_UNINITIALIZED_AUTOS = YES_AGGRESSIVE;
				GCC_WARN_UNUSED_FUNCTION = YES;
				GCC_WARN_UNUSED_VARIABLE = YES;
				IPHONEOS_DEPLOYMENT_TARGET = 11.2;
				MTL_ENABLE_DEBUG_INFO = NO;
				SDKROOT = iphoneos;
				SWIFT_OPTIMIZATION_LEVEL = "-Owholemodule";
				VALIDATE_PRODUCT = YES;
			};
			name = Release;
		};
		4E0E91BB1FEEAE6F004B1C9E /* Debug */ = {
			isa = XCBuildConfiguration;
			baseConfigurationReference = A7D71384DA3F93D9675D3F3A /* Pods-SurveyList.debug.xcconfig */;
			buildSettings = {
				ASSETCATALOG_COMPILER_APPICON_NAME = AppIcon;
				CODE_SIGN_STYLE = Automatic;
				DEVELOPMENT_TEAM = E5S86HTGDA;
				INFOPLIST_FILE = SurveyList/Info.plist;
				LD_RUNPATH_SEARCH_PATHS = "$(inherited) @executable_path/Frameworks";
				PRODUCT_BUNDLE_IDENTIFIER = com.Ananth.SurveyList;
				PRODUCT_NAME = "$(TARGET_NAME)";
				SWIFT_VERSION = 4.0;
				TARGETED_DEVICE_FAMILY = "1,2";
			};
			name = Debug;
		};
		4E0E91BC1FEEAE6F004B1C9E /* Release */ = {
			isa = XCBuildConfiguration;
			baseConfigurationReference = 1456981802D7DF24C1DF2E23 /* Pods-SurveyList.release.xcconfig */;
			buildSettings = {
				ASSETCATALOG_COMPILER_APPICON_NAME = AppIcon;
				CODE_SIGN_STYLE = Automatic;
				DEVELOPMENT_TEAM = E5S86HTGDA;
				INFOPLIST_FILE = SurveyList/Info.plist;
				LD_RUNPATH_SEARCH_PATHS = "$(inherited) @executable_path/Frameworks";
				PRODUCT_BUNDLE_IDENTIFIER = com.Ananth.SurveyList;
				PRODUCT_NAME = "$(TARGET_NAME)";
				SWIFT_VERSION = 4.0;
				TARGETED_DEVICE_FAMILY = "1,2";
			};
			name = Release;
		};
		4E0E91BE1FEEAE6F004B1C9E /* Debug */ = {
			isa = XCBuildConfiguration;
			baseConfigurationReference = 5C15BE8BB5DB056DFBC60AE5 /* Pods-SurveyListTests.debug.xcconfig */;
			buildSettings = {
				ALWAYS_EMBED_SWIFT_STANDARD_LIBRARIES = YES;
				BUNDLE_LOADER = "$(TEST_HOST)";
				CODE_SIGN_STYLE = Automatic;
				DEVELOPMENT_TEAM = E5S86HTGDA;
				INFOPLIST_FILE = SurveyListTests/Info.plist;
				LD_RUNPATH_SEARCH_PATHS = "$(inherited) @executable_path/Frameworks @loader_path/Frameworks";
				PRODUCT_BUNDLE_IDENTIFIER = com.Ananth.SurveyListTests;
				PRODUCT_NAME = "$(TARGET_NAME)";
				SWIFT_VERSION = 4.0;
				TARGETED_DEVICE_FAMILY = "1,2";
				TEST_HOST = "$(BUILT_PRODUCTS_DIR)/SurveyList.app/SurveyList";
			};
			name = Debug;
		};
		4E0E91BF1FEEAE6F004B1C9E /* Release */ = {
			isa = XCBuildConfiguration;
			baseConfigurationReference = 3C72ABF1025C82CDEDEC34AE /* Pods-SurveyListTests.release.xcconfig */;
			buildSettings = {
				ALWAYS_EMBED_SWIFT_STANDARD_LIBRARIES = YES;
				BUNDLE_LOADER = "$(TEST_HOST)";
				CODE_SIGN_STYLE = Automatic;
				DEVELOPMENT_TEAM = E5S86HTGDA;
				INFOPLIST_FILE = SurveyListTests/Info.plist;
				LD_RUNPATH_SEARCH_PATHS = "$(inherited) @executable_path/Frameworks @loader_path/Frameworks";
				PRODUCT_BUNDLE_IDENTIFIER = com.Ananth.SurveyListTests;
				PRODUCT_NAME = "$(TARGET_NAME)";
				SWIFT_VERSION = 4.0;
				TARGETED_DEVICE_FAMILY = "1,2";
				TEST_HOST = "$(BUILT_PRODUCTS_DIR)/SurveyList.app/SurveyList";
			};
			name = Release;
		};
		4E0E91C11FEEAE6F004B1C9E /* Debug */ = {
			isa = XCBuildConfiguration;
			baseConfigurationReference = A75B7AA6077EEF121883F712 /* Pods-SurveyListUITests.debug.xcconfig */;
			buildSettings = {
				ALWAYS_EMBED_SWIFT_STANDARD_LIBRARIES = YES;
				CODE_SIGN_STYLE = Automatic;
				DEVELOPMENT_TEAM = E5S86HTGDA;
				INFOPLIST_FILE = SurveyListUITests/Info.plist;
				LD_RUNPATH_SEARCH_PATHS = "$(inherited) @executable_path/Frameworks @loader_path/Frameworks";
				PRODUCT_BUNDLE_IDENTIFIER = com.Ananth.SurveyListUITests;
				PRODUCT_NAME = "$(TARGET_NAME)";
				SWIFT_VERSION = 4.0;
				TARGETED_DEVICE_FAMILY = "1,2";
				TEST_TARGET_NAME = SurveyList;
			};
			name = Debug;
		};
		4E0E91C21FEEAE6F004B1C9E /* Release */ = {
			isa = XCBuildConfiguration;
			baseConfigurationReference = 4AA59B65208FCF0FE3FD2DD1 /* Pods-SurveyListUITests.release.xcconfig */;
			buildSettings = {
				ALWAYS_EMBED_SWIFT_STANDARD_LIBRARIES = YES;
				CODE_SIGN_STYLE = Automatic;
				DEVELOPMENT_TEAM = E5S86HTGDA;
				INFOPLIST_FILE = SurveyListUITests/Info.plist;
				LD_RUNPATH_SEARCH_PATHS = "$(inherited) @executable_path/Frameworks @loader_path/Frameworks";
				PRODUCT_BUNDLE_IDENTIFIER = com.Ananth.SurveyListUITests;
				PRODUCT_NAME = "$(TARGET_NAME)";
				SWIFT_VERSION = 4.0;
				TARGETED_DEVICE_FAMILY = "1,2";
				TEST_TARGET_NAME = SurveyList;
			};
			name = Release;
		};
/* End XCBuildConfiguration section */

/* Begin XCConfigurationList section */
		4E0E918D1FEEAE6F004B1C9E /* Build configuration list for PBXProject "SurveyList" */ = {
			isa = XCConfigurationList;
			buildConfigurations = (
				4E0E91B81FEEAE6F004B1C9E /* Debug */,
				4E0E91B91FEEAE6F004B1C9E /* Release */,
			);
			defaultConfigurationIsVisible = 0;
			defaultConfigurationName = Release;
		};
		4E0E91BA1FEEAE6F004B1C9E /* Build configuration list for PBXNativeTarget "SurveyList" */ = {
			isa = XCConfigurationList;
			buildConfigurations = (
				4E0E91BB1FEEAE6F004B1C9E /* Debug */,
				4E0E91BC1FEEAE6F004B1C9E /* Release */,
			);
			defaultConfigurationIsVisible = 0;
			defaultConfigurationName = Release;
		};
		4E0E91BD1FEEAE6F004B1C9E /* Build configuration list for PBXNativeTarget "SurveyListTests" */ = {
			isa = XCConfigurationList;
			buildConfigurations = (
				4E0E91BE1FEEAE6F004B1C9E /* Debug */,
				4E0E91BF1FEEAE6F004B1C9E /* Release */,
			);
			defaultConfigurationIsVisible = 0;
			defaultConfigurationName = Release;
		};
		4E0E91C01FEEAE6F004B1C9E /* Build configuration list for PBXNativeTarget "SurveyListUITests" */ = {
			isa = XCConfigurationList;
			buildConfigurations = (
				4E0E91C11FEEAE6F004B1C9E /* Debug */,
				4E0E91C21FEEAE6F004B1C9E /* Release */,
			);
			defaultConfigurationIsVisible = 0;
			defaultConfigurationName = Release;
		};
/* End XCConfigurationList section */
	};
	rootObject = 4E0E918A1FEEAE6F004B1C9E /* Project object */;
}
